
Microsoft Visual Studio Solution File, Format Version 12.00
# Visual Studio Version 16
VisualStudioVersion = 16.0.28922.388
MinimumVisualStudioVersion = 10.0.40219.1
Project("{FAE04EC0-301F-11D3-BF4B-00C04F79EFBC}") = "Ablakv", "Ablakv\Ablakv.csproj", "{CA94304A-B522-4CC4-A932-14DE54E08545}"
EndProject
Global
	GlobalSection(SolutionConfigurationPlatforms) = preSolution
		Debug|Any CPU = Debug|Any CPU
		Release|Any CPU = Release|Any CPU
	EndGlobalSection
	GlobalSection(ProjectConfigurationPlatforms) = postSolution
		{CA94304A-B522-4CC4-A932-14DE54E08545}.Debug|Any CPU.ActiveCfg = Debug|Any CPU
		{CA94304A-B522-4CC4-A932-14DE54E08545}.Debug|Any CPU.Build.0 = Debug|Any CPU
		{CA94304A-B522-4CC4-A932-14DE54E08545}.Release|Any CPU.ActiveCfg = Release|Any CPU
		{CA94304A-B522-4CC4-A932-14DE54E08545}.Release|Any CPU.Build.0 = Release|Any CPU
	EndGlobalSection
	GlobalSection(SolutionProperties) = preSolution
		HideSolutionNode = FALSE
	EndGlobalSection
	GlobalSection(ExtensibilityGlobals) = postSolution
		SolutionGuid = {C6A03544-4259-41AB-890A-563BADA3ECF2}
	EndGlobalSection
EndGlobal
